Microsoft Visual Studio Solution File, Format Version 12.00
# Visual Studio 15
VisualStudioVersion = 15.0.26730.16
MinimumVisualStudioVersion = 15.0.26124.0
Project("{2150E333-8FDC-42A3-9474-1A3956D46DE8}") = "Solution Items", "Solution Items", "{3AD2EBD8-4C3E-48C0-B4EB-409E475F3B34}"
	ProjectSection(SolutionItems) = preProject
		.editorconfig = .editorconfig
		appveyor.yml = appveyor.yml
		build.ps1 = build.ps1
		build.sh = build.sh
		License.txt = License.txt
		nuget.config = nuget.config
		Readme.md = Readme.md
		semver.txt = semver.txt
	EndProjectSection
EndProject
Project("{2150E333-8FDC-42A3-9474-1A3956D46DE8}") = "src", "src", "{7683EA38-8379-4808-B7B9-E8B51E6B181B}"
EndProject
Project("{9A19103F-16F7-4668-BE54-9A1E7A4F7556}") = "Kingensoft.AspNetCore.SpaServices.TagHelpers", "src\Kingensoft.AspNetCore.SpaServices.TagHelpers\Kingensoft.AspNetCore.SpaServices.TagHelpers.csproj", "{1D45EF6F-9B24-4B67-88E8-8268D67E5DC6}"
EndProject
Project("{2150E333-8FDC-42A3-9474-1A3956D46DE8}") = "samples", "samples", "{018C7CE6-C191-43C8-B86E-1ECE659F82B6}"
EndProject
Project("{9A19103F-16F7-4668-BE54-9A1E7A4F7556}") = "AspNetCore.Pages.Vue", "samples\AspNetCore.Pages.Vue\AspNetCore.Pages.Vue.csproj", "{B1513633-5CC7-40B0-84FB-FC889002A711}"
EndProject
Global
	GlobalSection(SolutionConfigurationPlatforms) = preSolution
		Debug|Any CPU = Debug|Any CPU
		Debug|x64 = Debug|x64
		Debug|x86 = Debug|x86
		Release|Any CPU = Release|Any CPU
		Release|x64 = Release|x64
		Release|x86 = Release|x86
	EndGlobalSection
	GlobalSection(ProjectConfigurationPlatforms) = postSolution
		{1D45EF6F-9B24-4B67-88E8-8268D67E5DC6}.Debug|Any CPU.ActiveCfg = Debug|Any CPU
		{1D45EF6F-9B24-4B67-88E8-8268D67E5DC6}.Debug|Any CPU.Build.0 = Debug|Any CPU
		{1D45EF6F-9B24-4B67-88E8-8268D67E5DC6}.Debug|x64.ActiveCfg = Debug|Any CPU
		{1D45EF6F-9B24-4B67-88E8-8268D67E5DC6}.Debug|x64.Build.0 = Debug|Any CPU
		{1D45EF6F-9B24-4B67-88E8-8268D67E5DC6}.Debug|x86.ActiveCfg = Debug|Any CPU
		{1D45EF6F-9B24-4B67-88E8-8268D67E5DC6}.Debug|x86.Build.0 = Debug|Any CPU
		{1D45EF6F-9B24-4B67-88E8-8268D67E5DC6}.Release|Any CPU.ActiveCfg = Release|Any CPU
		{1D45EF6F-9B24-4B67-88E8-8268D67E5DC6}.Release|Any CPU.Build.0 = Release|Any CPU
		{1D45EF6F-9B24-4B67-88E8-8268D67E5DC6}.Release|x64.ActiveCfg = Release|Any CPU
		{1D45EF6F-9B24-4B67-88E8-8268D67E5DC6}.Release|x64.Build.0 = Release|Any CPU
		{1D45EF6F-9B24-4B67-88E8-8268D67E5DC6}.Release|x86.ActiveCfg = Release|Any CPU
		{1D45EF6F-9B24-4B67-88E8-8268D67E5DC6}.Release|x86.Build.0 = Release|Any CPU
		{B1513633-5CC7-40B0-84FB-FC889002A711}.Debug|Any CPU.ActiveCfg = Debug|Any CPU
		{B1513633-5CC7-40B0-84FB-FC889002A711}.Debug|Any CPU.Build.0 = Debug|Any CPU
		{B1513633-5CC7-40B0-84FB-FC889002A711}.Debug|x64.ActiveCfg = Debug|Any CPU
		{B1513633-5CC7-40B0-84FB-FC889002A711}.Debug|x64.Build.0 = Debug|Any CPU
		{B1513633-5CC7-40B0-84FB-FC889002A711}.Debug|x86.ActiveCfg = Debug|Any CPU
		{B1513633-5CC7-40B0-84FB-FC889002A711}.Debug|x86.Build.0 = Debug|Any CPU
		{B1513633-5CC7-40B0-84FB-FC889002A711}.Release|Any CPU.ActiveCfg = Release|Any CPU
		{B1513633-5CC7-40B0-84FB-FC889002A711}.Release|Any CPU.Build.0 = Release|Any CPU
		{B1513633-5CC7-40B0-84FB-FC889002A711}.Release|x64.ActiveCfg = Release|Any CPU
		{B1513633-5CC7-40B0-84FB-FC889002A711}.Release|x64.Build.0 = Release|Any CPU
		{B1513633-5CC7-40B0-84FB-FC889002A711}.Release|x86.ActiveCfg = Release|Any CPU
		{B1513633-5CC7-40B0-84FB-FC889002A711}.Release|x86.Build.0 = Release|Any CPU
	EndGlobalSection
	GlobalSection(SolutionProperties) = preSolution
		HideSolutionNode = FALSE
	EndGlobalSection
	GlobalSection(NestedProjects) = preSolution
		{1D45EF6F-9B24-4B67-88E8-8268D67E5DC6} = {7683EA38-8379-4808-B7B9-E8B51E6B181B}
		{B1513633-5CC7-40B0-84FB-FC889002A711} = {018C7CE6-C191-43C8-B86E-1ECE659F82B6}
	EndGlobalSection
	GlobalSection(ExtensibilityGlobals) = postSolution
		SolutionGuid = {CD0AFA3B-A57F-43D6-B592-EBCC1D5D4893}
	EndGlobalSection
EndGlobal
